
Microsoft Visual Studio Solution File, Format Version 12.00
# Visual Studio Version 17
VisualStudioVersion = 17.4.33213.308
MinimumVisualStudioVersion = 10.0.40219.1
Project("{FAE04EC0-301F-11D3-BF4B-00C04F79EFBC}") = "Patric God", "Patric God.csproj", "{50897AF5-A9A8-4E7F-A7E4-850EE6D29F54}"
EndProject
Global
	GlobalSection(SolutionConfigurationPlatforms) = preSolution
		Debug|Any CPU = Debug|Any CPU
		Release|Any CPU = Release|Any CPU
	EndGlobalSection
	GlobalSection(ProjectConfigurationPlatforms) = postSolution
		{50897AF5-A9A8-4E7F-A7E4-850EE6D29F54}.Debug|Any CPU.ActiveCfg = Debug|Any CPU
		{50897AF5-A9A8-4E7F-A7E4-850EE6D29F54}.Debug|Any CPU.Build.0 = Debug|Any CPU
		{50897AF5-A9A8-4E7F-A7E4-850EE6D29F54}.Release|Any CPU.ActiveCfg = Release|Any CPU
		{50897AF5-A9A8-4E7F-A7E4-850EE6D29F54}.Release|Any CPU.Build.0 = Release|Any CPU
	EndGlobalSection
	GlobalSection(SolutionProperties) = preSolution
		HideSolutionNode = FALSE
	EndGlobalSection
	GlobalSection(ExtensibilityGlobals) = postSolution
		SolutionGuid = {21F15A4F-9F2B-4084-8D61-C607FA078448}
	EndGlobalSection
EndGlobal
